// !$*UTF8*$!
{
	archiveVersion = 1;
	classes = {
	};
	objectVersion = 48;
	objects = {

/* Begin PBXBuildFile section */
		FC70B8301FB46A690050A133 /* AppDelegate.swift in Sources */ = {isa = PBXBuildFile; fileRef = FC70B82F1FB46A690050A133 /* AppDelegate.swift */; };
		FC70B8321FB46A690050A133 /* ViewController.swift in Sources */ = {isa = PBXBuildFile; fileRef = FC70B8311FB46A690050A133 /* ViewController.swift */; };
		FC70B8371FB46A690050A133 /* Assets.xcassets in Resources */ = {isa = PBXBuildFile; fileRef = FC70B8361FB46A690050A133 /* Assets.xcassets */; };
		FC70B83A1FB46A690050A133 /* LaunchScreen.storyboard in Resources */ = {isa = PBXBuildFile; fileRef = FC70B8381FB46A690050A133 /* LaunchScreen.storyboard */; };
		FC70B8441FB46AB10050A133 /* AnimatedImageView.swift in Sources */ = {isa = PBXBuildFile; fileRef = FC70B8421FB46AB10050A133 /* AnimatedImageView.swift */; };
		FC70B8451FB46AB10050A133 /* AnimatedImage.swift in Sources */ = {isa = PBXBuildFile; fileRef = FC70B8431FB46AB10050A133 /* AnimatedImage.swift */; };
		FC7EFA661FB57AE900626497 /* UIImage+Gif.swift in Sources */ = {isa = PBXBuildFile; fileRef = FC7EFA651FB57AE900626497 /* UIImage+Gif.swift */; };
/* End PBXBuildFile section */

/* Begin PBXFileReference section */
		FC70B82C1FB46A690050A133 /* UIUtils.app */ = {isa = PBXFileReference; explicitFileType = wrapper.application; includeInIndex = 0; path = UIUtils.app; sourceTree = BUILT_PRODUCTS_DIR; };
		FC70B82F1FB46A690050A133 /* AppDelegate.swift */ = {isa = PBXFileReference; lastKnownFileType = sourcecode.swift; path = AppDelegate.swift; sourceTree = "<group>"; };
		FC70B8311FB46A690050A133 /* ViewController.swift */ = {isa = PBXFileReference; lastKnownFileType = sourcecode.swift; path = ViewController.swift; sourceTree = "<group>"; };
		FC70B8361FB46A690050A133 /* Assets.xcassets */ = {isa = PBXFileReference; lastKnownFileType = folder.assetcatalog; path = Assets.xcassets; sourceTree = "<group>"; };
		FC70B8391FB46A690050A133 /* Base */ = {isa = PBXFileReference; lastKnownFileType = file.storyboard; name = Base; path = Base.lproj/LaunchScreen.storyboard; sourceTree = "<group>"; };
		FC70B83B1FB46A690050A133 /* Info.plist */ = {isa = PBXFileReference; lastKnownFileType = text.plist.xml; path = Info.plist; sourceTree = "<group>"; };
		FC70B8421FB46AB10050A133 /* AnimatedImageView.swift */ = {isa = PBXFileReference; fileEncoding = 4; lastKnownFileType = sourcecode.swift; path = AnimatedImageView.swift; sourceTree = "<group>"; };
		FC70B8431FB46AB10050A133 /* AnimatedImage.swift */ = {isa = PBXFileReference; fileEncoding = 4; lastKnownFileType = sourcecode.swift; path = AnimatedImage.swift; sourceTree = "<group>"; };
		FC7EFA651FB57AE900626497 /* UIImage+Gif.swift */ = {isa = PBXFileReference; fileEncoding = 4; lastKnownFileType = sourcecode.swift; path = "UIImage+Gif.swift"; sourceTree = "<group>"; };
/* End PBXFileReference section */

/* Begin PBXFrameworksBuildPhase section */
		FC70B8291FB46A690050A133 /* Frameworks */ = {
			isa = PBXFrameworksBuildPhase;
			buildActionMask = 2147483647;
			files = (
			);
			runOnlyForDeploymentPostprocessing = 0;
		};
/* End PBXFrameworksBuildPhase section */

/* Begin PBXGroup section */
		FC70B8231FB46A690050A133 = {
			isa = PBXGroup;
			children = (
				FC70B82E1FB46A690050A133 /* UIUtils */,
				FC70B82D1FB46A690050A133 /* Products */,
			);
			sourceTree = "<group>";
		};
		FC70B82D1FB46A690050A133 /* Products */ = {
			isa = PBXGroup;
			children = (
				FC70B82C1FB46A690050A133 /* UIUtils.app */,
			);
			name = Products;
			sourceTree = "<group>";
		};
		FC70B82E1FB46A690050A133 /* UIUtils */ = {
			isa = PBXGroup;
			children = (
				FC70B8411FB46AA80050A133 /* Source */,
				FC70B82F1FB46A690050A133 /* AppDelegate.swift */,
				FC70B8311FB46A690050A133 /* ViewController.swift */,
				FC70B8361FB46A690050A133 /* Assets.xcassets */,
				FC70B8381FB46A690050A133 /* LaunchScreen.storyboard */,
				FC70B83B1FB46A690050A133 /* Info.plist */,
			);
			path = UIUtils;
			sourceTree = "<group>";
		};
		FC70B8411FB46AA80050A133 /* Source */ = {
			isa = PBXGroup;
			children = (
				FC7EFA641FB57A3A00626497 /* Gif */,
			);
			path = Source;
			sourceTree = SOURCE_ROOT;
		};
		FC7EFA641FB57A3A00626497 /* Gif */ = {
			isa = PBXGroup;
			children = (
				FC7EFA651FB57AE900626497 /* UIImage+Gif.swift */,
				FC70B8421FB46AB10050A133 /* AnimatedImageView.swift */,
				FC70B8431FB46AB10050A133 /* AnimatedImage.swift */,
			);
			name = Gif;
			sourceTree = "<group>";
		};
/* End PBXGroup section */

/* Begin PBXNativeTarget section */
		FC70B82B1FB46A690050A133 /* UIUtils */ = {
			isa = PBXNativeTarget;
			buildConfigurationList = FC70B83E1FB46A690050A133 /* Build configuration list for PBXNativeTarget "UIUtils" */;
			buildPhases = (
				FC70B8281FB46A690050A133 /* Sources */,
				FC70B8291FB46A690050A133 /* Frameworks */,
				FC70B82A1FB46A690050A133 /* Resources */,
			);
			buildRules = (
			);
			dependencies = (
			);
			name = UIUtils;
			productName = UIUtils;
			productReference = FC70B82C1FB46A690050A133 /* UIUtils.app */;
			productType = "com.apple.product-type.application";
		};
/* End PBXNativeTarget section */

/* Begin PBXProject section */
		FC70B8241FB46A690050A133 /* Project object */ = {
			isa = PBXProject;
			attributes = {
				LastSwiftUpdateCheck = 0910;
				LastUpgradeCheck = 0910;
				ORGANIZATIONNAME = shayuan;
				TargetAttributes = {
					FC70B82B1FB46A690050A133 = {
						CreatedOnToolsVersion = 9.1;
						ProvisioningStyle = Automatic;
					};
				};
			};
			buildConfigurationList = FC70B8271FB46A690050A133 /* Build configuration list for PBXProject "UIUtils" */;
			compatibilityVersion = "Xcode 8.0";
			developmentRegion = en;
			hasScannedForEncodings = 0;
			knownRegions = (
				en,
				Base,
			);
			mainGroup = FC70B8231FB46A690050A133;
			productRefGroup = FC70B82D1FB46A690050A133 /* Products */;
			projectDirPath = "";
			projectRoot = "";
			targets = (
				FC70B82B1FB46A690050A133 /* UIUtils */,
			);
		};
/* End PBXProject section */

/* Begin PBXResourcesBuildPhase section */
		FC70B82A1FB46A690050A133 /* Resources */ = {
			isa = PBXResourcesBuildPhase;
			buildActionMask = 2147483647;
			files = (
				FC70B83A1FB46A690050A133 /* LaunchScreen.storyboard in Resources */,
				FC70B8371FB46A690050A133 /* Assets.xcassets in Resources */,
			);
			runOnlyForDeploymentPostprocessing = 0;
		};
/* End PBXResourcesBuildPhase section */

/* Begin PBXSourcesBuildPhase section */
		FC70B8281FB46A690050A133 /* Sources */ = {
			isa = PBXSourcesBuildPhase;
			buildActionMask = 2147483647;
			files = (
				FC70B8451FB46AB10050A133 /* AnimatedImage.swift in Sources */,
				FC70B8321FB46A690050A133 /* ViewController.swift in Sources */,
				FC70B8301FB46A690050A133 /* AppDelegate.swift in Sources */,
				FC7EFA661FB57AE900626497 /* UIImage+Gif.swift in Sources */,
				FC70B8441FB46AB10050A133 /* AnimatedImageView.swift in Sources */,
			);
			runOnlyForDeploymentPostprocessing = 0;
		};
/* End PBXSourcesBuildPhase section */

/* Begin PBXVariantGroup section */
		FC70B8381FB46A690050A133 /* LaunchScreen.storyboard */ = {
			isa = PBXVariantGroup;
			children = (
				FC70B8391FB46A690050A133 /* Base */,
			);
			name = LaunchScreen.storyboard;
			sourceTree = "<group>";
		};
/* End PBXVariantGroup section */

/* Begin XCBuildConfiguration section */
		FC70B83C1FB46A690050A133 /* Debug */ = {
			isa = XCBuildConfiguration;
			buildSettings = {
				ALWAYS_SEARCH_USER_PATHS = NO;
				CLANG_ANALYZER_NONNULL = YES;
				CLANG_ANALYZER_NUMBER_OBJECT_CONVERSION = YES_AGGRESSIVE;
				CLANG_CXX_LANGUAGE_STANDARD = "gnu++14";
				CLANG_CXX_LIBRARY = "libc++";
				CLANG_ENABLE_MODULES = YES;
				CLANG_ENABLE_OBJC_ARC = YES;
				CLANG_WARN_BLOCK_CAPTURE_AUTORELEASING = YES;
				CLANG_WARN_BOOL_CONVERSION = YES;
				CLANG_WARN_COMMA = YES;
				CLANG_WARN_CONSTANT_CONVERSION = YES;
				CLANG_WARN_DIRECT_OBJC_ISA_USAGE = YES_ERROR;
				CLANG_WARN_DOCUMENTATION_COMMENTS = YES;
				CLANG_WARN_EMPTY_BODY = YES;
				CLANG_WARN_ENUM_CONVERSION = YES;
				CLANG_WARN_INFINITE_RECURSION = YES;
				CLANG_WARN_INT_CONVERSION = YES;
				CLANG_WARN_NON_LITERAL_NULL_CONVERSION = YES;
				CLANG_WARN_OBJC_LITERAL_CONVERSION = YES;
				CLANG_WARN_OBJC_ROOT_CLASS = YES_ERROR;
				CLANG_WARN_RANGE_LOOP_ANALYSIS = YES;
				CLANG_WARN_STRICT_PROTOTYPES = YES;
				CLANG_WARN_SUSPICIOUS_MOVE = YES;
				CLANG_WARN_UNGUARDED_AVAILABILITY = YES_AGGRESSIVE;
				CLANG_WARN_UNREACHABLE_CODE = YES;
				CLANG_WARN__DUPLICATE_METHOD_MATCH = YES;
				CODE_SIGN_IDENTITY = "iPhone Developer";
				COPY_PHASE_STRIP = NO;
				DEBUG_INFORMATION_FORMAT = dwarf;
				ENABLE_STRICT_OBJC_MSGSEND = YES;
				ENABLE_TESTABILITY = YES;
				GCC_C_LANGUAGE_STANDARD = gnu11;
				GCC_DYNAMIC_NO_PIC = NO;
				GCC_NO_COMMON_BLOCKS = YES;
				GCC_OPTIMIZATION_LEVEL = 0;
				GCC_PREPROCESSOR_DEFINITIONS = (
					"DEBUG=1",
					"$(inherited)",
				);
				GCC_WARN_64_TO_32_BIT_CONVERSION = YES;
				GCC_WARN_ABOUT_RETURN_TYPE = YES_ERROR;
				GCC_WARN_UNDECLARED_SELECTOR = YES;
				GCC_WARN_UNINITIALIZED_AUTOS = YES_AGGRESSIVE;
				GCC_WARN_UNUSED_FUNCTION = YES;
				GCC_WARN_UNUSED_VARIABLE = YES;
				IPHONEOS_DEPLOYMENT_TARGET = 11.1;
				MTL_ENABLE_DEBUG_INFO = YES;
				ONLY_ACTIVE_ARCH = YES;
				SDKROOT = iphoneos;
				SWIFT_ACTIVE_COMPILATION_CONDITIONS = DEBUG;
				SWIFT_OPTIMIZATION_LEVEL = "-Onone";
			};
			name = Debug;
		};
		FC70B83D1FB46A690050A133 /* Release */ = {
			isa = XCBuildConfiguration;
			buildSettings = {
				ALWAYS_SEARCH_USER_PATHS = NO;
				CLANG_ANALYZER_NONNULL = YES;
				CLANG_ANALYZER_NUMBER_OBJECT_CONVERSION = YES_AGGRESSIVE;
				CLANG_CXX_LANGUAGE_STANDARD = "gnu++14";
				CLANG_CXX_LIBRARY = "libc++";
				CLANG_ENABLE_MODULES = YES;
				CLANG_ENABLE_OBJC_ARC = YES;
				CLANG_WARN_BLOCK_CAPTURE_AUTORELEASING = YES;
				CLANG_WARN_BOOL_CONVERSION = YES;
				CLANG_WARN_COMMA = YES;
				CLANG_WARN_CONSTANT_CONVERSION = YES;
				CLANG_WARN_DIRECT_OBJC_ISA_USAGE = YES_ERROR;
				CLANG_WARN_DOCUMENTATION_COMMENTS = YES;
				CLANG_WARN_EMPTY_BODY = YES;
				CLANG_WARN_ENUM_CONVERSION = YES;
				CLANG_WARN_INFINITE_RECURSION = YES;
				CLANG_WARN_INT_CONVERSION = YES;
				CLANG_WARN_NON_LITERAL_NULL_CONVERSION = YES;
				CLANG_WARN_OBJC_LITERAL_CONVERSION = YES;
				CLANG_WARN_OBJC_ROOT_CLASS = YES_ERROR;
				CLANG_WARN_RANGE_LOOP_ANALYSIS = YES;
				CLANG_WARN_STRICT_PROTOTYPES = YES;
				CLANG_WARN_SUSPICIOUS_MOVE = YES;
				CLANG_WARN_UNGUARDED_AVAILABILITY = YES_AGGRESSIVE;
				CLANG_WARN_UNREACHABLE_CODE = YES;
				CLANG_WARN__DUPLICATE_METHOD_MATCH = YES;
				CODE_SIGN_IDENTITY = "iPhone Developer";
				COPY_PHASE_STRIP = NO;
				DEBUG_INFORMATION_FORMAT = "dwarf-with-dsym";
				ENABLE_NS_ASSERTIONS = NO;
				ENABLE_STRICT_OBJC_MSGSEND = YES;
				GCC_C_LANGUAGE_STANDARD = gnu11;
				GCC_NO_COMMON_BLOCKS = YES;
				GCC_WARN_64_TO_32_BIT_CONVERSION = YES;
				GCC_WARN_ABOUT_RETURN_TYPE = YES_ERROR;
				GCC_WARN_UNDECLARED_SELECTOR = YES;
				GCC_WARN_UNINITIALIZED_AUTOS = YES_AGGRESSIVE;
				GCC_WARN_UNUSED_FUNCTION = YES;
				GCC_WARN_UNUSED_VARIABLE = YES;
				IPHONEOS_DEPLOYMENT_TARGET = 11.1;
				MTL_ENABLE_DEBUG_INFO = NO;
				SDKROOT = iphoneos;
				SWIFT_OPTIMIZATION_LEVEL = "-Owholemodule";
				VALIDATE_PRODUCT = YES;
			};
			name = Release;
		};
		FC70B83F1FB46A690050A133 /* Debug */ = {
			isa = XCBuildConfiguration;
			buildSettings = {
				ASSETCATALOG_COMPILER_APPICON_NAME = AppIcon;
				CODE_SIGN_STYLE = Automatic;
				INFOPLIST_FILE = UIUtils/Info.plist;
				IPHONEOS_DEPLOYMENT_TARGET = 8.0;
				LD_RUNPATH_SEARCH_PATHS = "$(inherited) @executable_path/Frameworks";
				PRODUCT_BUNDLE_IDENTIFIER = com.sy.UIUtils;
				PRODUCT_NAME = "$(TARGET_NAME)";
				SWIFT_VERSION = 4.0;
				TARGETED_DEVICE_FAMILY = 1;
			};
			name = Debug;
		};
		FC70B8401FB46A690050A133 /* Release */ = {
			isa = XCBuildConfiguration;
			buildSettings = {
				ASSETCATALOG_COMPILER_APPICON_NAME = AppIcon;
				CODE_SIGN_STYLE = Automatic;
				INFOPLIST_FILE = UIUtils/Info.plist;
				IPHONEOS_DEPLOYMENT_TARGET = 8.0;
				LD_RUNPATH_SEARCH_PATHS = "$(inherited) @executable_path/Frameworks";
				PRODUCT_BUNDLE_IDENTIFIER = com.sy.UIUtils;
				PRODUCT_NAME = "$(TARGET_NAME)";
				SWIFT_VERSION = 4.0;
				TARGETED_DEVICE_FAMILY = 1;
			};
			name = Release;
		};
/* End XCBuildConfiguration section */

/* Begin XCConfigurationList section */
		FC70B8271FB46A690050A133 /* Build configuration list for PBXProject "UIUtils" */ = {
			isa = XCConfigurationList;
			buildConfigurations = (
				FC70B83C1FB46A690050A133 /* Debug */,
				FC70B83D1FB46A690050A133 /* Release */,
			);
			defaultConfigurationIsVisible = 0;
			defaultConfigurationName = Release;
		};
		FC70B83E1FB46A690050A133 /* Build configuration list for PBXNativeTarget "UIUtils" */ = {
			isa = XCConfigurationList;
			buildConfigurations = (
				FC70B83F1FB46A690050A133 /* Debug */,
				FC70B8401FB46A690050A133 /* Release */,
			);
			defaultConfigurationIsVisible = 0;
			defaultConfigurationName = Release;
		};
/* End XCConfigurationList section */
	};
	rootObject = FC70B8241FB46A690050A133 /* Project object */;
}
